
Microsoft Visual Studio Solution File, Format Version 12.00
# Visual Studio Version 17
VisualStudioVersion = 17.1.32328.378
MinimumVisualStudioVersion = 10.0.40219.1
Project("{FAE04EC0-301F-11D3-BF4B-00C04F79EFBC}") = "Process Manager", "Process Manager\Process Manager.csproj", "{DF86483B-2ADF-4C0B-8410-51D9CCB539F6}"
EndProject
Global
	GlobalSection(SolutionConfigurationPlatforms) = preSolution
		Debug|Any CPU = Debug|Any CPU
		Release|Any CPU = Release|Any CPU
	EndGlobalSection
	GlobalSection(ProjectConfigurationPlatforms) = postSolution
		{DF86483B-2ADF-4C0B-8410-51D9CCB539F6}.Debug|Any CPU.ActiveCfg = Debug|Any CPU
		{DF86483B-2ADF-4C0B-8410-51D9CCB539F6}.Debug|Any CPU.Build.0 = Debug|Any CPU
		{DF86483B-2ADF-4C0B-8410-51D9CCB539F6}.Release|Any CPU.ActiveCfg = Release|Any CPU
		{DF86483B-2ADF-4C0B-8410-51D9CCB539F6}.Release|Any CPU.Build.0 = Release|Any CPU
	EndGlobalSection
	GlobalSection(SolutionProperties) = preSolution
		HideSolutionNode = FALSE
	EndGlobalSection
	GlobalSection(ExtensibilityGlobals) = postSolution
		SolutionGuid = {E51B8EC1-F687-466A-9008-39D1AB71DAFA}
	EndGlobalSection
EndGlobal
